{
  "name": "test_metrics_proxy",
  "version": "1.0.0",
  "lockfileVersion": 2,
  "requires": true,
  "packages": {
    "": {
      "name": "test_metrics_proxy",
      "version": "1.0.0",
      "license": "ISC",
      "dependencies": {
        "statsd-client": "^0.4.7"
      }
    },
    "node_modules/statsd-client": {
      "version": "0.4.7",
      "resolved": "https://registry.npmjs.org/statsd-client/-/statsd-client-0.4.7.tgz",
      "integrity": "sha512-+sGCE6FednJ/vI7vywErOg/mhVqmf6Zlktz7cdGRnF/cQWXD9ifMgtqU1CIIXmhSwm11SCk4zDN+bwNCvIR/Kg==",
      "deprecated": "Package no longer supported. Contact Support at https://www.npmjs.com/support for more info."
    }
  },
  "dependencies": {
    "statsd-client": {
      "version": "0.4.7",
      "resolved": "https://registry.npmjs.org/statsd-client/-/statsd-client-0.4.7.tgz",
      "integrity": "sha512-+sGCE6FednJ/vI7vywErOg/mhVqmf6Zlktz7cdGRnF/cQWXD9ifMgtqU1CIIXmhSwm11SCk4zDN+bwNCvIR/Kg=="
    }
  }
}
